<?xml version="1.0" encoding="utf-8"?>
<Project ToolsVersion="4.0" xmlns="http://schemas.microsoft.com/developer/msbuild/2003">
  <ItemGroup>
    <ClCompile Include="main.cpp" />
    <ClCompile Include="Core.cpp">
      <Filter>Core</Filter>
    </ClCompile>
    <ClCompile Include="ResourceManager.cpp">
      <Filter>Core\Managers</Filter>
    </ClCompile>
    <ClCompile Include="SceneManager.cpp">
      <Filter>Core\Managers</Filter>
    </ClCompile>
    <ClCompile Include="FileManager.cpp">
      <Filter>Core\Managers</Filter>
    </ClCompile>
    <ClCompile Include="CursorManager.cpp">
      <Filter>Core\Managers</Filter>
    </ClCompile>
    <ClCompile Include="TextureFactory.cpp">
      <Filter>Core\Resources\Texture</Filter>
    </ClCompile>
    <ClCompile Include="FontFactory.cpp">
      <Filter>Core\Resources\Font</Filter>
    </ClCompile>
    <ClCompile Include="Game.cpp">
      <Filter>Game\Scenes</Filter>
    </ClCompile>
    <ClCompile Include="SoundBufferFactory.cpp">
      <Filter>Core\Resources\SoundBuffer</Filter>
    </ClCompile>
    <ClCompile Include="MusicFactory.cpp">
      <Filter>Core\Resources\Music</Filter>
    </ClCompile>
    <ClCompile Include="ShaderFactory.cpp">
      <Filter>Core\Resources\Shader</Filter>
    </ClCompile>
    <ClCompile Include="Shader.cpp">
      <Filter>Core\Resources\Shader</Filter>
    </ClCompile>
    <ClCompile Include="ModelFactory.cpp">
      <Filter>Core\Resources\Model</Filter>
    </ClCompile>
    <ClCompile Include="Model.cpp">
      <Filter>Core\Resources\Model</Filter>
    </ClCompile>
    <ClCompile Include="EntityManager.cpp">
      <Filter>Core\Managers</Filter>
    </ClCompile>
    <ClCompile Include="RenderStateManager.cpp">
      <Filter>Core\Managers</Filter>
    </ClCompile>
    <ClCompile Include="FrameBuffer.cpp">
      <Filter>Core\Stuff\Rendering</Filter>
    </ClCompile>
    <ClCompile Include="CameraComponent.cpp">
      <Filter>Core\EntityComponents</Filter>
    </ClCompile>
    <ClCompile Include="MeshComponent.cpp">
      <Filter>Core\EntityComponents</Filter>
    </ClCompile>
    <ClCompile Include="Grid.cpp">
      <Filter>Core\Stuff\Rendering</Filter>
    </ClCompile>
    <ClCompile Include="Mesh.cpp">
      <Filter>Core\Stuff\Rendering</Filter>
    </ClCompile>
    <ClCompile Include="Log.cpp">
      <Filter>Core\Stuff\Log</Filter>
    </ClCompile>
    <ClCompile Include="Time.cpp">
      <Filter>Core\Stuff\Log</Filter>
    </ClCompile>
    <ClCompile Include="Math.cpp">
      <Filter>Core\Stuff\Math</Filter>
    </ClCompile>
    <ClCompile Include="GameObject.cpp">
      <Filter>Core\Stuff\ECS</Filter>
    </ClCompile>
    <ClCompile Include="Transformable.cpp">
      <Filter>Core\Stuff\ECS</Filter>
    </ClCompile>
    <ClCompile Include="Pool.cpp">
      <Filter>Core\Stuff\ECS</Filter>
    </ClCompile>
    <ClCompile Include="Input.cpp">
      <Filter>Core\Stuff\Core</Filter>
    </ClCompile>
    <ClCompile Include="RenderingSystem.cpp">
      <Filter>Core\EntitySystems</Filter>
    </ClCompile>
    <ClCompile Include="Material.cpp">
      <Filter>Core\Stuff\Rendering</Filter>
    </ClCompile>
    <ClCompile Include="RenderCommandBuffer.cpp">
      <Filter>Core\Stuff\Rendering</Filter>
    </ClCompile>
    <ClCompile Include="SkySystem.cpp">
      <Filter>Core\EntitySystems</Filter>
    </ClCompile>
    <ClCompile Include="Texture.cpp">
      <Filter>Core\Resources\Texture</Filter>
    </ClCompile>
    <ClCompile Include="LightComponent.cpp">
      <Filter>Core\EntityComponents</Filter>
    </ClCompile>
    <ClCompile Include="MeshGeometry.cpp">
      <Filter>Core\Stuff\Rendering</Filter>
    </ClCompile>
    <ClCompile Include="MeshMaterial.cpp">
      <Filter>Core\Stuff\Materials</Filter>
    </ClCompile>
    <ClCompile Include="FxaaMaterial.cpp">
      <Filter>Core\Stuff\Materials</Filter>
    </ClCompile>
    <ClCompile Include="FirstPersonController.cpp">
      <Filter>Core\EntitySystems</Filter>
    </ClCompile>
    <ClCompile Include="LightMaterial.cpp">
      <Filter>Core\Stuff\Materials</Filter>
    </ClCompile>
    <ClCompile Include="SkyMaterial.cpp">
      <Filter>Core\Stuff\Materials</Filter>
    </ClCompile>
  </ItemGroup>
  <ItemGroup>
    <Filter Include="Core">
      <UniqueIdentifier>{60b8d9de-cbab-4306-a5ad-0713689356af}</UniqueIdentifier>
    </Filter>
    <Filter Include="Core\Managers">
      <UniqueIdentifier>{a58b6d5d-1d7b-43a7-bc9c-ec62427d222c}</UniqueIdentifier>
    </Filter>
    <Filter Include="Core\Resources">
      <UniqueIdentifier>{9b1f6ec1-ef0e-4d95-9946-7fe7236813da}</UniqueIdentifier>
    </Filter>
    <Filter Include="Core\Resources\Texture">
      <UniqueIdentifier>{3b2eaad8-dd83-4676-b830-0fc0f6415e6c}</UniqueIdentifier>
    </Filter>
    <Filter Include="Core\Resources\Font">
      <UniqueIdentifier>{9deb816e-91a5-44ab-950e-3b0b64ad4734}</UniqueIdentifier>
    </Filter>
    <Filter Include="Core\Stuff">
      <UniqueIdentifier>{5d729b7a-edc5-4610-a62b-4c0da9406b98}</UniqueIdentifier>
    </Filter>
    <Filter Include="Core\Resources\Music">
      <UniqueIdentifier>{a4899431-e71e-4aff-85d6-7792fcea900d}</UniqueIdentifier>
    </Filter>
    <Filter Include="Game">
      <UniqueIdentifier>{0cc26151-d86c-4244-82c3-5a54c723dbe9}</UniqueIdentifier>
    </Filter>
    <Filter Include="Game\Scenes">
      <UniqueIdentifier>{c512f2a7-5ca4-4c71-a4b7-3a28da1ea80e}</UniqueIdentifier>
    </Filter>
    <Filter Include="Core\Resources\Shader">
      <UniqueIdentifier>{de612c4a-439b-41ae-8363-d1cffb6b7fb6}</UniqueIdentifier>
    </Filter>
    <Filter Include="Core\Resources\SoundBuffer">
      <UniqueIdentifier>{712e9c7c-4b8a-4d91-ad35-235113b60ae5}</UniqueIdentifier>
    </Filter>
    <Filter Include="Core\Resources\Model">
      <UniqueIdentifier>{06d15ad9-3cdd-4ab4-b967-dd114a9d0499}</UniqueIdentifier>
    </Filter>
    <Filter Include="Core\EntitySystems">
      <UniqueIdentifier>{29075627-7d33-45dc-918d-4de34dd5877a}</UniqueIdentifier>
    </Filter>
    <Filter Include="Core\Stuff\Rendering">
      <UniqueIdentifier>{d96594e8-82a5-4300-9b60-fb34ebae5ebe}</UniqueIdentifier>
    </Filter>
    <Filter Include="Core\Stuff\Log">
      <UniqueIdentifier>{692703dd-f4e4-456c-bfd8-9cd3b07d8547}</UniqueIdentifier>
    </Filter>
    <Filter Include="Core\Stuff\Math">
      <UniqueIdentifier>{fb697997-0ccc-4d6a-8feb-8e42305898ed}</UniqueIdentifier>
    </Filter>
    <Filter Include="Core\Stuff\ECS">
      <UniqueIdentifier>{ca16ce2a-fa97-497b-a036-bfb93b8cb480}</UniqueIdentifier>
    </Filter>
    <Filter Include="Core\Stuff\Core">
      <UniqueIdentifier>{fa505793-9f85-4413-9815-fd050b279c08}</UniqueIdentifier>
    </Filter>
    <Filter Include="Core\Stuff\Other">
      <UniqueIdentifier>{1c8e0ccb-4c86-44e9-9428-e9f118564729}</UniqueIdentifier>
    </Filter>
    <Filter Include="Core\EntityComponents">
      <UniqueIdentifier>{279ace33-439b-4590-958e-e3b563c18b9e}</UniqueIdentifier>
    </Filter>
    <Filter Include="Core\Stuff\Materials">
      <UniqueIdentifier>{d8a1565d-fb40-4e9f-b9c8-a6ac66fe450d}</UniqueIdentifier>
    </Filter>
  </ItemGroup>
  <ItemGroup>
    <ClInclude Include="Core.h">
      <Filter>Core</Filter>
    </ClInclude>
    <ClInclude Include="ResourceManager.h">
      <Filter>Core\Managers</Filter>
    </ClInclude>
    <ClInclude Include="SceneManager.h">
      <Filter>Core\Managers</Filter>
    </ClInclude>
    <ClInclude Include="FileManager.h">
      <Filter>Core\Managers</Filter>
    </ClInclude>
    <ClInclude Include="CursorManager.h">
      <Filter>Core\Managers</Filter>
    </ClInclude>
    <ClInclude Include="TextureFactory.h">
      <Filter>Core\Resources\Texture</Filter>
    </ClInclude>
    <ClInclude Include="FontFactory.h">
      <Filter>Core\Resources\Font</Filter>
    </ClInclude>
    <ClInclude Include="Game.h">
      <Filter>Game\Scenes</Filter>
    </ClInclude>
    <ClInclude Include="MusicFactory.h">
      <Filter>Core\Resources\Music</Filter>
    </ClInclude>
    <ClInclude Include="SoundBufferFactory.h">
      <Filter>Core\Resources\SoundBuffer</Filter>
    </ClInclude>
    <ClInclude Include="ShaderFactory.h">
      <Filter>Core\Resources\Shader</Filter>
    </ClInclude>
    <ClInclude Include="Shader.h">
      <Filter>Core\Resources\Shader</Filter>
    </ClInclude>
    <ClInclude Include="ModelFactory.h">
      <Filter>Core\Resources\Model</Filter>
    </ClInclude>
    <ClInclude Include="Model.h">
      <Filter>Core\Resources\Model</Filter>
    </ClInclude>
    <ClInclude Include="EntityManager.h">
      <Filter>Core\Managers</Filter>
    </ClInclude>
    <ClInclude Include="RenderStateManager.h">
      <Filter>Core\Managers</Filter>
    </ClInclude>
    <ClInclude Include="FrameBuffer.h">
      <Filter>Core\Stuff\Rendering</Filter>
    </ClInclude>
    <ClInclude Include="CameraComponent.h">
      <Filter>Core\EntityComponents</Filter>
    </ClInclude>
    <ClInclude Include="MeshComponent.h">
      <Filter>Core\EntityComponents</Filter>
    </ClInclude>
    <ClInclude Include="Grid.h">
      <Filter>Core\Stuff\Rendering</Filter>
    </ClInclude>
    <ClInclude Include="Mesh.h">
      <Filter>Core\Stuff\Rendering</Filter>
    </ClInclude>
    <ClInclude Include="RenderingSystem.h">
      <Filter>Core\EntitySystems</Filter>
    </ClInclude>
    <ClInclude Include="Log.h">
      <Filter>Core\Stuff\Log</Filter>
    </ClInclude>
    <ClInclude Include="Time.h">
      <Filter>Core\Stuff\Log</Filter>
    </ClInclude>
    <ClInclude Include="Constants.h">
      <Filter>Core\Stuff\Math</Filter>
    </ClInclude>
    <ClInclude Include="Math.h">
      <Filter>Core\Stuff\Math</Filter>
    </ClInclude>
    <ClInclude Include="GameObject.h">
      <Filter>Core\Stuff\ECS</Filter>
    </ClInclude>
    <ClInclude Include="Transformable.h">
      <Filter>Core\Stuff\ECS</Filter>
    </ClInclude>
    <ClInclude Include="Pool.h">
      <Filter>Core\Stuff\ECS</Filter>
    </ClInclude>
    <ClInclude Include="Input.h">
      <Filter>Core\Stuff\Core</Filter>
    </ClInclude>
    <ClInclude Include="AbstractFactory.h">
      <Filter>Core\Stuff\Other</Filter>
    </ClInclude>
    <ClInclude Include="Delegate.h">
      <Filter>Core\Stuff\Other</Filter>
    </ClInclude>
    <ClInclude Include="Material.h">
      <Filter>Core\Stuff\Rendering</Filter>
    </ClInclude>
    <ClInclude Include="RenderCommandBuffer.h">
      <Filter>Core\Stuff\Rendering</Filter>
    </ClInclude>
    <ClInclude Include="SkySystem.h">
      <Filter>Core\EntitySystems</Filter>
    </ClInclude>
    <ClInclude Include="Texture.h">
      <Filter>Core\Resources\Texture</Filter>
    </ClInclude>
    <ClInclude Include="LightComponent.h">
      <Filter>Core\EntityComponents</Filter>
    </ClInclude>
    <ClInclude Include="MeshGeometry.h">
      <Filter>Core\Stuff\Rendering</Filter>
    </ClInclude>
    <ClInclude Include="MeshMaterial.h">
      <Filter>Core\Stuff\Materials</Filter>
    </ClInclude>
    <ClInclude Include="FxaaMaterial.h">
      <Filter>Core\Stuff\Materials</Filter>
    </ClInclude>
    <ClInclude Include="FirstPersonController.h">
      <Filter>Core\EntitySystems</Filter>
    </ClInclude>
    <ClInclude Include="LightMaterial.h">
      <Filter>Core\Stuff\Materials</Filter>
    </ClInclude>
    <ClInclude Include="SkyMaterial.h">
      <Filter>Core\Stuff\Materials</Filter>
    </ClInclude>
  </ItemGroup>
</Project>